
Microsoft Visual Studio Solution File, Format Version 12.00
# Visual Studio Version 17
VisualStudioVersion = 17.12.35527.113
MinimumVisualStudioVersion = 10.0.40219.1
Project("{FAE04EC0-301F-11D3-BF4B-00C04F79EFBC}") = "lotnisko", "lotnisko.csproj", "{9C61C671-07BC-444F-AE2C-307DB2410878}"
EndProject
Project("{FAE04EC0-301F-11D3-BF4B-00C04F79EFBC}") = "LotniskoTest", "C:\Users\Max\source\repos\LotniskoTest\LotniskoTest.csproj", "{025B7E7B-405D-413C-AC99-09C1CB4046DF}"
EndProject
Global
	GlobalSection(SolutionConfigurationPlatforms) = preSolution
		Debug|Any CPU = Debug|Any CPU
		Release|Any CPU = Release|Any CPU
	EndGlobalSection
	GlobalSection(ProjectConfigurationPlatforms) = postSolution
		{9C61C671-07BC-444F-AE2C-307DB2410878}.Debug|Any CPU.ActiveCfg = Debug|Any CPU
		{9C61C671-07BC-444F-AE2C-307DB2410878}.Debug|Any CPU.Build.0 = Debug|Any CPU
		{9C61C671-07BC-444F-AE2C-307DB2410878}.Release|Any CPU.ActiveCfg = Release|Any CPU
		{9C61C671-07BC-444F-AE2C-307DB2410878}.Release|Any CPU.Build.0 = Release|Any CPU
		{025B7E7B-405D-413C-AC99-09C1CB4046DF}.Debug|Any CPU.ActiveCfg = Debug|Any CPU
		{025B7E7B-405D-413C-AC99-09C1CB4046DF}.Debug|Any CPU.Build.0 = Debug|Any CPU
		{025B7E7B-405D-413C-AC99-09C1CB4046DF}.Release|Any CPU.ActiveCfg = Release|Any CPU
		{025B7E7B-405D-413C-AC99-09C1CB4046DF}.Release|Any CPU.Build.0 = Release|Any CPU
	EndGlobalSection
	GlobalSection(SolutionProperties) = preSolution
		HideSolutionNode = FALSE
	EndGlobalSection
EndGlobal
